{
  "nodes": {
    "nixpkgs": {
      "locked": {
        "lastModified": 1763468385,
        "narHash": "sha256-1fLfhNP35paY/it+lWQMxsrDcCTpD8VTnnADoUxaxwg=",
        "owner": "NixOS",
        "repo": "nixpkgs",
        "rev": "abddaec7149b62550305c0d20cf9651f8413da77",
        "type": "github"
      },
      "original": {
        "owner": "NixOS",
        "repo": "nixpkgs",
        "rev": "abddaec7149b62550305c0d20cf9651f8413da77",
        "type": "github"
      }
    },
    "root": {
      "inputs": {
        "nixpkgs": "nixpkgs"
      }
    }
  },
  "root": "root",
  "version": 7
}
